
Microsoft Visual Studio Solution File, Format Version 12.00
# Visual Studio Version 17
VisualStudioVersion = 17.5.33530.505
MinimumVisualStudioVersion = 10.0.40219.1
Project("{FAE04EC0-301F-11D3-BF4B-00C04F79EFBC}") = "0520", "0520\0520.csproj", "{079ECCF9-353C-41C4-B560-54ACBEA916C0}"
EndProject
Global
	GlobalSection(SolutionConfigurationPlatforms) = preSolution
		Debug|Any CPU = Debug|Any CPU
		Release|Any CPU = Release|Any CPU
	EndGlobalSection
	GlobalSection(ProjectConfigurationPlatforms) = postSolution
		{079ECCF9-353C-41C4-B560-54ACBEA916C0}.Debug|Any CPU.ActiveCfg = Debug|Any CPU
		{079ECCF9-353C-41C4-B560-54ACBEA916C0}.Debug|Any CPU.Build.0 = Debug|Any CPU
		{079ECCF9-353C-41C4-B560-54ACBEA916C0}.Release|Any CPU.ActiveCfg = Release|Any CPU
		{079ECCF9-353C-41C4-B560-54ACBEA916C0}.Release|Any CPU.Build.0 = Release|Any CPU
	EndGlobalSection
	GlobalSection(SolutionProperties) = preSolution
		HideSolutionNode = FALSE
	EndGlobalSection
	GlobalSection(ExtensibilityGlobals) = postSolution
		SolutionGuid = {00602381-5E1A-4753-920D-E217A076FE2D}
	EndGlobalSection
EndGlobal
